
Microsoft Visual Studio Solution File, Format Version 12.00
# Visual Studio Version 17
VisualStudioVersion = 17.10.35027.167
MinimumVisualStudioVersion = 10.0.40219.1
Project("{FAE04EC0-301F-11D3-BF4B-00C04F79EFBC}") = "TODO_APP", "TODO_APP\TODO_APP.csproj", "{4DEE0276-07A2-416C-A2AB-9C41705C53FB}"
EndProject
Global
	GlobalSection(SolutionConfigurationPlatforms) = preSolution
		Debug|Any CPU = Debug|Any CPU
		Release|Any CPU = Release|Any CPU
	EndGlobalSection
	GlobalSection(ProjectConfigurationPlatforms) = postSolution
		{4DEE0276-07A2-416C-A2AB-9C41705C53FB}.Debug|Any CPU.ActiveCfg = Debug|Any CPU
		{4DEE0276-07A2-416C-A2AB-9C41705C53FB}.Debug|Any CPU.Build.0 = Debug|Any CPU
		{4DEE0276-07A2-416C-A2AB-9C41705C53FB}.Release|Any CPU.ActiveCfg = Release|Any CPU
		{4DEE0276-07A2-416C-A2AB-9C41705C53FB}.Release|Any CPU.Build.0 = Release|Any CPU
	EndGlobalSection
	GlobalSection(SolutionProperties) = preSolution
		HideSolutionNode = FALSE
	EndGlobalSection
	GlobalSection(ExtensibilityGlobals) = postSolution
		SolutionGuid = {284EED40-C1BA-47E8-8015-9C77CD6AABCA}
	EndGlobalSection
EndGlobal
